
Microsoft Visual Studio Solution File, Format Version 12.00
# Visual Studio Version 16
VisualStudioVersion = 16.0.30011.22
MinimumVisualStudioVersion = 10.0.40219.1
Project("{FAE04EC0-301F-11D3-BF4B-00C04F79EFBC}") = "tawbah", "tawbah\tawbah.csproj", "{9822C562-84E8-4F6D-A49F-57D64AFEF28A}"
EndProject
Project("{2150E333-8FDC-42A3-9474-1A3956D46DE8}") = "Solution Items", "Solution Items", "{9664F6C3-6AA4-43F1-BE9A-F30E1E98D034}"
	ProjectSection(SolutionItems) = preProject
		.editorconfig = .editorconfig
	EndProjectSection
EndProject
Global
	GlobalSection(SolutionConfigurationPlatforms) = preSolution
		Debug|Any CPU = Debug|Any CPU
		Release|Any CPU = Release|Any CPU
	EndGlobalSection
	GlobalSection(ProjectConfigurationPlatforms) = postSolution
		{9822C562-84E8-4F6D-A49F-57D64AFEF28A}.Debug|Any CPU.ActiveCfg = Debug|Any CPU
		{9822C562-84E8-4F6D-A49F-57D64AFEF28A}.Debug|Any CPU.Build.0 = Debug|Any CPU
		{9822C562-84E8-4F6D-A49F-57D64AFEF28A}.Release|Any CPU.ActiveCfg = Release|Any CPU
		{9822C562-84E8-4F6D-A49F-57D64AFEF28A}.Release|Any CPU.Build.0 = Release|Any CPU
	EndGlobalSection
	GlobalSection(SolutionProperties) = preSolution
		HideSolutionNode = FALSE
	EndGlobalSection
	GlobalSection(ExtensibilityGlobals) = postSolution
		SolutionGuid = {53538C88-ABEC-49AF-8BA8-1FCD3FB41676}
	EndGlobalSection
EndGlobal
